
Microsoft Visual Studio Solution File, Format Version 12.00
# Visual Studio Version 17
VisualStudioVersion = 17.6.33712.159
MinimumVisualStudioVersion = 10.0.40219.1
Project("{9A19103F-16F7-4668-BE54-9A1E7A4F7556}") = "IDPLibrary.Entities", "IDPLibrary.Entities\IDPLibrary.Entities.csproj", "{77191600-7747-4749-B20A-A17730577CB6}"
EndProject
Project("{9A19103F-16F7-4668-BE54-9A1E7A4F7556}") = "IDPLibrary.MemoryClientProvider", "IDPLibrary.MemoryClientProvider\IDPLibrary.MemoryClientProvider.csproj", "{693C29B6-E162-4CE7-B308-007068591CFB}"
EndProject
Project("{2150E333-8FDC-42A3-9474-1A3956D46DE8}") = "Tests", "Tests", "{0BBF85A4-609B-4FC2-A78E-D6D1B17C6A31}"
EndProject
Project("{9A19103F-16F7-4668-BE54-9A1E7A4F7556}") = "IDPLibrary.MemoryClientProviderTests", "..\..\tests\IDPLibrary.MemoryClientProviderTests\IDPLibrary.MemoryClientProviderTests.csproj", "{F2752C35-34EB-499F-89D4-36F79624FF6D}"
EndProject
Project("{2150E333-8FDC-42A3-9474-1A3956D46DE8}") = "Clients", "Clients", "{040D06F8-B387-4C70-A240-E6984E2765B0}"
EndProject
Project("{FAE04EC0-301F-11D3-BF4B-00C04F79EFBC}") = "MVCClient", "MVCClient\MVCClient.csproj", "{13655C92-D853-474D-92F7-DDF43AAB84E0}"
EndProject
Project("{2150E333-8FDC-42A3-9474-1A3956D46DE8}") = "IDP", "IDP", "{8EC27AAF-5DD6-4DA3-97E8-FA183A047039}"
EndProject
Project("{FAE04EC0-301F-11D3-BF4B-00C04F79EFBC}") = "IDPServer", "IDPServer\IDPServer.csproj", "{7772E6D0-4618-4EC5-8B6D-002FB6D99EF7}"
EndProject
Global
	GlobalSection(SolutionConfigurationPlatforms) = preSolution
		Debug|Any CPU = Debug|Any CPU
		Release|Any CPU = Release|Any CPU
	EndGlobalSection
	GlobalSection(ProjectConfigurationPlatforms) = postSolution
		{77191600-7747-4749-B20A-A17730577CB6}.Debug|Any CPU.ActiveCfg = Debug|Any CPU
		{77191600-7747-4749-B20A-A17730577CB6}.Debug|Any CPU.Build.0 = Debug|Any CPU
		{77191600-7747-4749-B20A-A17730577CB6}.Release|Any CPU.ActiveCfg = Release|Any CPU
		{77191600-7747-4749-B20A-A17730577CB6}.Release|Any CPU.Build.0 = Release|Any CPU
		{693C29B6-E162-4CE7-B308-007068591CFB}.Debug|Any CPU.ActiveCfg = Debug|Any CPU
		{693C29B6-E162-4CE7-B308-007068591CFB}.Debug|Any CPU.Build.0 = Debug|Any CPU
		{693C29B6-E162-4CE7-B308-007068591CFB}.Release|Any CPU.ActiveCfg = Release|Any CPU
		{693C29B6-E162-4CE7-B308-007068591CFB}.Release|Any CPU.Build.0 = Release|Any CPU
		{F2752C35-34EB-499F-89D4-36F79624FF6D}.Debug|Any CPU.ActiveCfg = Debug|Any CPU
		{F2752C35-34EB-499F-89D4-36F79624FF6D}.Debug|Any CPU.Build.0 = Debug|Any CPU
		{F2752C35-34EB-499F-89D4-36F79624FF6D}.Release|Any CPU.ActiveCfg = Release|Any CPU
		{F2752C35-34EB-499F-89D4-36F79624FF6D}.Release|Any CPU.Build.0 = Release|Any CPU
		{13655C92-D853-474D-92F7-DDF43AAB84E0}.Debug|Any CPU.ActiveCfg = Debug|Any CPU
		{13655C92-D853-474D-92F7-DDF43AAB84E0}.Debug|Any CPU.Build.0 = Debug|Any CPU
		{13655C92-D853-474D-92F7-DDF43AAB84E0}.Release|Any CPU.ActiveCfg = Release|Any CPU
		{13655C92-D853-474D-92F7-DDF43AAB84E0}.Release|Any CPU.Build.0 = Release|Any CPU
		{7772E6D0-4618-4EC5-8B6D-002FB6D99EF7}.Debug|Any CPU.ActiveCfg = Debug|Any CPU
		{7772E6D0-4618-4EC5-8B6D-002FB6D99EF7}.Debug|Any CPU.Build.0 = Debug|Any CPU
		{7772E6D0-4618-4EC5-8B6D-002FB6D99EF7}.Release|Any CPU.ActiveCfg = Release|Any CPU
		{7772E6D0-4618-4EC5-8B6D-002FB6D99EF7}.Release|Any CPU.Build.0 = Release|Any CPU
	EndGlobalSection
	GlobalSection(SolutionProperties) = preSolution
		HideSolutionNode = FALSE
	EndGlobalSection
	GlobalSection(NestedProjects) = preSolution
		{F2752C35-34EB-499F-89D4-36F79624FF6D} = {0BBF85A4-609B-4FC2-A78E-D6D1B17C6A31}
		{13655C92-D853-474D-92F7-DDF43AAB84E0} = {040D06F8-B387-4C70-A240-E6984E2765B0}
		{7772E6D0-4618-4EC5-8B6D-002FB6D99EF7} = {8EC27AAF-5DD6-4DA3-97E8-FA183A047039}
	EndGlobalSection
	GlobalSection(ExtensibilityGlobals) = postSolution
		SolutionGuid = {3E14D015-E5E9-4BAC-930A-27E5FC1D5D8B}
	EndGlobalSection
EndGlobal
